
Microsoft Visual Studio Solution File, Format Version 12.00
# Visual Studio 2013
VisualStudioVersion = 12.0.31101.0
MinimumVisualStudioVersion = 10.0.40219.1
Project("{FAE04EC0-301F-11D3-BF4B-00C04F79EFBC}") = "Dominio", "Dominio\Dominio.csproj", "{355CA7E7-C067-43DB-A0BE-6634D9897E07}"
EndProject
Project("{FAE04EC0-301F-11D3-BF4B-00C04F79EFBC}") = "Web", "Web\Web.csproj", "{17E713EE-E912-4341-B91C-DF8484AE2169}"
EndProject
Project("{FAE04EC0-301F-11D3-BF4B-00C04F79EFBC}") = "LojaVirtual.UnitTest", "LojaVirtual.UnitTest\LojaVirtual.UnitTest.csproj", "{760CFA3E-8622-46C9-93D6-5C3F9D3CFE46}"
EndProject
Global
	GlobalSection(SolutionConfigurationPlatforms) = preSolution
		Debug|Any CPU = Debug|Any CPU
		Release|Any CPU = Release|Any CPU
	EndGlobalSection
	GlobalSection(ProjectConfigurationPlatforms) = postSolution
		{355CA7E7-C067-43DB-A0BE-6634D9897E07}.Debug|Any CPU.ActiveCfg = Debug|Any CPU
		{355CA7E7-C067-43DB-A0BE-6634D9897E07}.Debug|Any CPU.Build.0 = Debug|Any CPU
		{355CA7E7-C067-43DB-A0BE-6634D9897E07}.Release|Any CPU.ActiveCfg = Release|Any CPU
		{355CA7E7-C067-43DB-A0BE-6634D9897E07}.Release|Any CPU.Build.0 = Release|Any CPU
		{17E713EE-E912-4341-B91C-DF8484AE2169}.Debug|Any CPU.ActiveCfg = Debug|Any CPU
		{17E713EE-E912-4341-B91C-DF8484AE2169}.Debug|Any CPU.Build.0 = Debug|Any CPU
		{17E713EE-E912-4341-B91C-DF8484AE2169}.Release|Any CPU.ActiveCfg = Release|Any CPU
		{17E713EE-E912-4341-B91C-DF8484AE2169}.Release|Any CPU.Build.0 = Release|Any CPU
		{760CFA3E-8622-46C9-93D6-5C3F9D3CFE46}.Debug|Any CPU.ActiveCfg = Debug|Any CPU
		{760CFA3E-8622-46C9-93D6-5C3F9D3CFE46}.Debug|Any CPU.Build.0 = Debug|Any CPU
		{760CFA3E-8622-46C9-93D6-5C3F9D3CFE46}.Release|Any CPU.ActiveCfg = Release|Any CPU
		{760CFA3E-8622-46C9-93D6-5C3F9D3CFE46}.Release|Any CPU.Build.0 = Release|Any CPU
	EndGlobalSection
	GlobalSection(SolutionProperties) = preSolution
		HideSolutionNode = FALSE
	EndGlobalSection
EndGlobal
